
Microsoft Visual Studio Solution File, Format Version 12.00
# Visual Studio Version 17
VisualStudioVersion = 17.7.34024.191
MinimumVisualStudioVersion = 10.0.40219.1
Project("{FAE04EC0-301F-11D3-BF4B-00C04F79EFBC}") = "WinFormsCalculate", "WinFormsCalculate\WinFormsCalculate.csproj", "{3D8A742F-70EF-4392-A2EC-3F004B3C737A}"
EndProject
Global
	GlobalSection(SolutionConfigurationPlatforms) = preSolution
		Debug|Any CPU = Debug|Any CPU
		Release|Any CPU = Release|Any CPU
	EndGlobalSection
	GlobalSection(ProjectConfigurationPlatforms) = postSolution
		{3D8A742F-70EF-4392-A2EC-3F004B3C737A}.Debug|Any CPU.ActiveCfg = Debug|Any CPU
		{3D8A742F-70EF-4392-A2EC-3F004B3C737A}.Debug|Any CPU.Build.0 = Debug|Any CPU
		{3D8A742F-70EF-4392-A2EC-3F004B3C737A}.Release|Any CPU.ActiveCfg = Release|Any CPU
		{3D8A742F-70EF-4392-A2EC-3F004B3C737A}.Release|Any CPU.Build.0 = Release|Any CPU
	EndGlobalSection
	GlobalSection(SolutionProperties) = preSolution
		HideSolutionNode = FALSE
	EndGlobalSection
	GlobalSection(ExtensibilityGlobals) = postSolution
		SolutionGuid = {025C1378-F024-40DB-BB25-889F530313F1}
	EndGlobalSection
EndGlobal
